
Microsoft Visual Studio Solution File, Format Version 12.00
# Visual Studio Version 16
VisualStudioVersion = 16.0.30804.86
MinimumVisualStudioVersion = 10.0.40219.1
Project("{FAE04EC0-301F-11D3-BF4B-00C04F79EFBC}") = "AbstractFactoryPattern", "AbstractFactoryPattern.csproj", "{AC562B5F-0EFE-440B-BBB2-C84B48C541FD}"
EndProject
Global
	GlobalSection(SolutionConfigurationPlatforms) = preSolution
		Debug|Any CPU = Debug|Any CPU
		Release|Any CPU = Release|Any CPU
	EndGlobalSection
	GlobalSection(ProjectConfigurationPlatforms) = postSolution
		{AC562B5F-0EFE-440B-BBB2-C84B48C541FD}.Debug|Any CPU.ActiveCfg = Debug|Any CPU
		{AC562B5F-0EFE-440B-BBB2-C84B48C541FD}.Debug|Any CPU.Build.0 = Debug|Any CPU
		{AC562B5F-0EFE-440B-BBB2-C84B48C541FD}.Release|Any CPU.ActiveCfg = Release|Any CPU
		{AC562B5F-0EFE-440B-BBB2-C84B48C541FD}.Release|Any CPU.Build.0 = Release|Any CPU
	EndGlobalSection
	GlobalSection(SolutionProperties) = preSolution
		HideSolutionNode = FALSE
	EndGlobalSection
	GlobalSection(ExtensibilityGlobals) = postSolution
		SolutionGuid = {7524DCA5-C337-4799-AEF0-6290FAD554A8}
	EndGlobalSection
EndGlobal
